
Microsoft Visual Studio Solution File, Format Version 12.00
# Visual Studio Version 16
VisualStudioVersion = 16.0.29215.179
MinimumVisualStudioVersion = 10.0.40219.1
Project("{9A19103F-16F7-4668-BE54-9A1E7A4F7556}") = "CMS-SYSTEM", "CMS-SYSTEM.csproj", "{B5B4A43F-5E83-4011-A76C-5B37D51C1A49}"
EndProject
Global
	GlobalSection(SolutionConfigurationPlatforms) = preSolution
		Debug|Any CPU = Debug|Any CPU
		Release|Any CPU = Release|Any CPU
	EndGlobalSection
	GlobalSection(ProjectConfigurationPlatforms) = postSolution
		{B5B4A43F-5E83-4011-A76C-5B37D51C1A49}.Debug|Any CPU.ActiveCfg = Debug|Any CPU
		{B5B4A43F-5E83-4011-A76C-5B37D51C1A49}.Debug|Any CPU.Build.0 = Debug|Any CPU
		{B5B4A43F-5E83-4011-A76C-5B37D51C1A49}.Release|Any CPU.ActiveCfg = Release|Any CPU
		{B5B4A43F-5E83-4011-A76C-5B37D51C1A49}.Release|Any CPU.Build.0 = Release|Any CPU
	EndGlobalSection
	GlobalSection(SolutionProperties) = preSolution
		HideSolutionNode = FALSE
	EndGlobalSection
	GlobalSection(ExtensibilityGlobals) = postSolution
		SolutionGuid = {062BA7A8-0DBF-439B-B48D-E27286FB6ADB}
	EndGlobalSection
EndGlobal
